# THIS IS AN AUTOGENERATED FILE. DO NOT EDIT THIS FILE DIRECTLY.
# yarn lockfile v1


"@babel/runtime-corejs2@^7.2.0":
  version "7.3.4"
  resolved "https://registry.yarnpkg.com/@babel/runtime-corejs2/-/runtime-corejs2-7.3.4.tgz#63f8bbc77622da202e9ea6f8f6e3bf28991832d9"
  integrity sha512-QwPuQE65kNxjsNKk34Rfgen2R5fk0J2So99SD45uXBp34QOfyz11SqVgJ4xvyCpnCIieSQ0X0hSSc9z/ymlJJw==
  dependencies:
    core-js "^2.5.7"
    regenerator-runtime "^0.12.0"

"@sindresorhus/is@^0.15.0":
  version "0.15.0"
  resolved "https://registry.yarnpkg.com/@sindresorhus/is/-/is-0.15.0.tgz#96915baa05e6a6a1d137badf4984d3fc05820bb6"
  integrity sha512-lu8BpxjAtRCAo5ifytTpCPCj99LF7o/2Myn+NXyNCBqvPYn7Pjd76AMmUB5l7XF1U6t0hcWrlEM5ESufW7wAeA==

ansi-regex@^4.1.0:
  version "4.1.0"
  resolved "https://registry.yarnpkg.com/ansi-regex/-/ansi-regex-4.1.0.tgz#8b9f8f08cf1acb843756a839ca8c7e3168c51997"
  integrity sha512-1apePfXM1UOSqw0o9IiFAovVz9M5S1Dg+4TrDwfMewQ6p/rmMueb7tWZjQ1rx4Loy1ArBggoqGpfqqdI4rondg==

core-js@^2.5.7:
  version "2.6.5"
  resolved "https://registry.yarnpkg.com/core-js/-/core-js-2.6.5.tgz#44bc8d249e7fb2ff5d00e0341a7ffb94fbf67895"
  integrity sha512-klh/kDpwX8hryYL14M9w/xei6vrv6sE8gTHDG7/T/+SEovB/G4ejwcfE/CBzO6Edsu+OETZMZ3wcX/EjUkrl5A==

decamelize@^3.0.0:
  version "3.0.0"
  resolved "https://registry.yarnpkg.com/decamelize/-/decamelize-3.0.0.tgz#5efdacb0ff1b6e4031ccd0da71257340c1b846b7"
  integrity sha512-NUW7GyGP5Al0a4QIr3qj/FVzPNjpixU/HWPMJ7kuFlMpVnLcNeUrKsvOOMlywL2QPr/JG3am40S5a2G9F0REcw==
  dependencies:
    xregexp "^4.2.4"

leven@^2.1.0:
  version "2.1.0"
  resolved "https://registry.yarnpkg.com/leven/-/leven-2.1.0.tgz#c2e7a9f772094dee9d34202ae8acce4687875580"
  integrity sha1-wuep93IJTe6dNCAq6KzORoeHVYA=

regenerator-runtime@^0.12.0:
  version "0.12.1"
  resolved "https://registry.yarnpkg.com/regenerator-runtime/-/regenerator-runtime-0.12.1.tgz#fa1a71544764c036f8c49b13a08b2594c9f8a0de"
  integrity sha512-odxIc1/vDlo4iZcfXqRYFj0vpXFNoGdKMAUieAlFYO6m/nl5e9KR/beGf41z4a1FI+aQgtjhuaSlDxQ0hmkrHg==

strip-ansi@^5.1.0:
  version "5.1.0"
  resolved "https://registry.yarnpkg.com/strip-ansi/-/strip-ansi-5.1.0.tgz#55aaa54e33b4c0649a7338a43437b1887d153ec4"
  integrity sha512-TjxrkPONqO2Z8QDCpeE2j6n0M6EwxzyDgzEeGp+FbdvaJAt//ClYi6W5my+3ROlC/hZX2KACUwDfK49Ka5eDvg==
  dependencies:
    ansi-regex "^4.1.0"

turbocolor@^2.6.1:
  version "2.6.1"
  resolved "https://registry.yarnpkg.com/turbocolor/-/turbocolor-2.6.1.tgz#1b47dcc0e0e5171f57d954351fb80a5088a8a921"
  integrity sha512-0pTvPfKBIasx7C4bEorJY9I3SNbkyQrFeRxK8iMoarEHZLQLOhPungv9t/7SSfKLJdErhv4dC2GKmaNGURnk4A==

xregexp@^4.2.4:
  version "4.2.4"
  resolved "https://registry.yarnpkg.com/xregexp/-/xregexp-4.2.4.tgz#02a4aea056d65a42632c02f0233eab8e4d7e57ed"
  integrity sha512-sO0bYdYeJAJBcJA8g7MJJX7UrOZIfJPd8U2SC7B2Dd/J24U0aQNoGp33shCaBSWeb0rD5rh6VBUIXOkGal1TZA==
  dependencies:
    "@babel/runtime-corejs2" "^7.2.0"
