# THIS IS AN AUTOGENERATED FILE. DO NOT EDIT THIS FILE DIRECTLY.
# yarn lockfile v1


error-stack-parser@^2.0.1:
  version "2.0.1"
  resolved "https://registry.yarnpkg.com/error-stack-parser/-/error-stack-parser-2.0.1.tgz#a3202b8fb03114aa9b40a0e3669e48b2b65a010a"
  dependencies:
    stackframe "^1.0.3"

stackframe@^1.0.3:
  version "1.0.4"
  resolved "https://registry.yarnpkg.com/stackframe/-/stackframe-1.0.4.tgz#357b24a992f9427cba6b545d96a14ed2cbca187b"
