# THIS IS AN AUTOGENERATED FILE. DO NOT EDIT THIS FILE DIRECTLY.
# yarn lockfile v1


"@quase/path-url@^0.1.0":
  version "0.1.0"
  resolved "https://registry.yarnpkg.com/@quase/path-url/-/path-url-0.1.0.tgz#42383ce0987748aee8291a3ddee2289a4734e036"
  dependencies:
    file-url "^2.0.2"
    is-url-superb "^2.0.0"
    slash "^1.0.0"

file-url@^2.0.2:
  version "2.0.2"
  resolved "https://registry.yarnpkg.com/file-url/-/file-url-2.0.2.tgz#e951784d79095127d3713029ab063f40818ca2ae"

fs-extra@^4.0.2:
  version "4.0.2"
  resolved "https://registry.yarnpkg.com/fs-extra/-/fs-extra-4.0.2.tgz#f91704c53d1b461f893452b0c307d9997647ab6b"
  dependencies:
    graceful-fs "^4.1.2"
    jsonfile "^4.0.0"
    universalify "^0.1.0"

graceful-fs@^4.1.2, graceful-fs@^4.1.6:
  version "4.1.11"
  resolved "https://registry.yarnpkg.com/graceful-fs/-/graceful-fs-4.1.11.tgz#0e8bdfe4d1ddb8854d64e04ea7c00e2a026e5658"

ip-regex@^1.0.1:
  version "1.0.3"
  resolved "https://registry.yarnpkg.com/ip-regex/-/ip-regex-1.0.3.tgz#dc589076f659f419c222039a33316f1c7387effd"

is-url-superb@^2.0.0:
  version "2.0.0"
  resolved "https://registry.yarnpkg.com/is-url-superb/-/is-url-superb-2.0.0.tgz#b728a18cf692e4d16da6b94c7408a811db0d0492"
  dependencies:
    url-regex "^3.0.0"

jsonfile@^4.0.0:
  version "4.0.0"
  resolved "https://registry.yarnpkg.com/jsonfile/-/jsonfile-4.0.0.tgz#8771aae0799b64076b76640fca058f9c10e33ecb"
  optionalDependencies:
    graceful-fs "^4.1.6"

node-fetch@2.0.0-alpha.9:
  version "2.0.0-alpha.9"
  resolved "https://registry.yarnpkg.com/node-fetch/-/node-fetch-2.0.0-alpha.9.tgz#990c0634f510f76449a0d6f6eaec96b22f273628"

slash@^1.0.0:
  version "1.0.0"
  resolved "https://registry.yarnpkg.com/slash/-/slash-1.0.0.tgz#c41f2f6c39fc16d1cd17ad4b5d896114ae470d55"

universalify@^0.1.0:
  version "0.1.1"
  resolved "https://registry.yarnpkg.com/universalify/-/universalify-0.1.1.tgz#fa71badd4437af4c148841e3b3b165f9e9e590b7"

url-regex@^3.0.0:
  version "3.2.0"
  resolved "https://registry.yarnpkg.com/url-regex/-/url-regex-3.2.0.tgz#dbad1e0c9e29e105dd0b1f09f6862f7fdb482724"
  dependencies:
    ip-regex "^1.0.1"
